
Microsoft Visual Studio Solution File, Format Version 12.00
# Visual Studio Version 17
VisualStudioVersion = 17.14.36616.10 d17.14
MinimumVisualStudioVersion = 10.0.40219.1
Project("{FAE04EC0-301F-11D3-BF4B-00C04F79EFBC}") = "HospitalManagementSystem.Presentation", "HospitalManagementSystem.Presentation\HospitalManagementSystem.Presentation.csproj", "{A1B77B63-F3E0-4340-9F21-69C463596544}"
EndProject
Project("{FAE04EC0-301F-11D3-BF4B-00C04F79EFBC}") = "HospitalManagementSystem.Domain", "HospitalManagementSystem.Domain\HospitalManagementSystem.Domain.csproj", "{36A8A4B3-C86B-41BC-8F20-51D624E0782E}"
EndProject
Project("{FAE04EC0-301F-11D3-BF4B-00C04F79EFBC}") = "HospitalManagementSystem.Application", "HospitalManagementSystem.Application\HospitalManagementSystem.Application.csproj", "{6B91AB78-F8B5-46DC-83FC-E2E5C3CEFFC4}"
EndProject
Project("{FAE04EC0-301F-11D3-BF4B-00C04F79EFBC}") = "HospitalManagementSystem.Infrastructure", "HospitalManagementSystem.Infrastructure\HospitalManagementSystem.Infrastructure.csproj", "{1464A8B4-FCF0-4064-9F36-01271DAE9BB2}"
EndProject
Global
	GlobalSection(SolutionConfigurationPlatforms) = preSolution
		Debug|Any CPU = Debug|Any CPU
		Release|Any CPU = Release|Any CPU
	EndGlobalSection
	GlobalSection(ProjectConfigurationPlatforms) = postSolution
		{A1B77B63-F3E0-4340-9F21-69C463596544}.Debug|Any CPU.ActiveCfg = Debug|Any CPU
		{A1B77B63-F3E0-4340-9F21-69C463596544}.Debug|Any CPU.Build.0 = Debug|Any CPU
		{A1B77B63-F3E0-4340-9F21-69C463596544}.Release|Any CPU.ActiveCfg = Release|Any CPU
		{A1B77B63-F3E0-4340-9F21-69C463596544}.Release|Any CPU.Build.0 = Release|Any CPU
		{36A8A4B3-C86B-41BC-8F20-51D624E0782E}.Debug|Any CPU.ActiveCfg = Debug|Any CPU
		{36A8A4B3-C86B-41BC-8F20-51D624E0782E}.Debug|Any CPU.Build.0 = Debug|Any CPU
		{36A8A4B3-C86B-41BC-8F20-51D624E0782E}.Release|Any CPU.ActiveCfg = Release|Any CPU
		{36A8A4B3-C86B-41BC-8F20-51D624E0782E}.Release|Any CPU.Build.0 = Release|Any CPU
		{6B91AB78-F8B5-46DC-83FC-E2E5C3CEFFC4}.Debug|Any CPU.ActiveCfg = Debug|Any CPU
		{6B91AB78-F8B5-46DC-83FC-E2E5C3CEFFC4}.Debug|Any CPU.Build.0 = Debug|Any CPU
		{6B91AB78-F8B5-46DC-83FC-E2E5C3CEFFC4}.Release|Any CPU.ActiveCfg = Release|Any CPU
		{6B91AB78-F8B5-46DC-83FC-E2E5C3CEFFC4}.Release|Any CPU.Build.0 = Release|Any CPU
		{1464A8B4-FCF0-4064-9F36-01271DAE9BB2}.Debug|Any CPU.ActiveCfg = Debug|Any CPU
		{1464A8B4-FCF0-4064-9F36-01271DAE9BB2}.Debug|Any CPU.Build.0 = Debug|Any CPU
		{1464A8B4-FCF0-4064-9F36-01271DAE9BB2}.Release|Any CPU.ActiveCfg = Release|Any CPU
		{1464A8B4-FCF0-4064-9F36-01271DAE9BB2}.Release|Any CPU.Build.0 = Release|Any CPU
	EndGlobalSection
	GlobalSection(SolutionProperties) = preSolution
		HideSolutionNode = FALSE
	EndGlobalSection
	GlobalSection(ExtensibilityGlobals) = postSolution
		SolutionGuid = {4008B225-D7D3-414F-89D8-ACCDAFD6FC12}
	EndGlobalSection
EndGlobal
